// !$*UTF8*$!
{
	archiveVersion = 1;
	classes = {
	};
	objectVersion = 46;
	objects = {

/* Begin PBXBuildFile section */
		B747A59D1B02569300B5BCFA /* main.m in Sources */ = {isa = PBXBuildFile; fileRef = B747A59C1B02569300B5BCFA /* main.m */; };
		B747A5A01B02569300B5BCFA /* AppDelegate.m in Sources */ = {isa = PBXBuildFile; fileRef = B747A59F1B02569300B5BCFA /* AppDelegate.m */; };
		B747A5A61B02569300B5BCFA /* Main.storyboard in Resources */ = {isa = PBXBuildFile; fileRef = B747A5A41B02569300B5BCFA /* Main.storyboard */; };
		B747A5A81B02569300B5BCFA /* Images.xcassets in Resources */ = {isa = PBXBuildFile; fileRef = B747A5A71B02569300B5BCFA /* Images.xcassets */; };
		B747A5AB1B02569300B5BCFA /* LaunchScreen.xib in Resources */ = {isa = PBXBuildFile; fileRef = B747A5A91B02569300B5BCFA /* LaunchScreen.xib */; };
		B747A5B71B02569400B5BCFA /* FindMyFriendsTests.m in Sources */ = {isa = PBXBuildFile; fileRef = B747A5B61B02569400B5BCFA /* FindMyFriendsTests.m */; };
		B747A5C11B0256CE00B5BCFA /* CFNetwork.framework in Frameworks */ = {isa = PBXBuildFile; fileRef = B747A5C01B0256CE00B5BCFA /* CFNetwork.framework */; };
		B747A5C31B0256E300B5BCFA /* AudioToolbox.framework in Frameworks */ = {isa = PBXBuildFile; fileRef = B747A5C21B0256E300B5BCFA /* AudioToolbox.framework */; };
		B747A5C51B0256EE00B5BCFA /* SystemConfiguration.framework in Frameworks */ = {isa = PBXBuildFile; fileRef = B747A5C41B0256EE00B5BCFA /* SystemConfiguration.framework */; };
		B747A5C71B0256FC00B5BCFA /* StoreKit.framework in Frameworks */ = {isa = PBXBuildFile; fileRef = B747A5C61B0256FC00B5BCFA /* StoreKit.framework */; };
		B747A5C91B02570400B5BCFA /* Security.framework in Frameworks */ = {isa = PBXBuildFile; fileRef = B747A5C81B02570400B5BCFA /* Security.framework */; };
		B747A5CB1B02570B00B5BCFA /* QuartzCore.framework in Frameworks */ = {isa = PBXBuildFile; fileRef = B747A5CA1B02570B00B5BCFA /* QuartzCore.framework */; };
		B747A5CD1B02571900B5BCFA /* MobileCoreServices.framework in Frameworks */ = {isa = PBXBuildFile; fileRef = B747A5CC1B02571900B5BCFA /* MobileCoreServices.framework */; };
		B747A5CF1B02572400B5BCFA /* libsqlite3.dylib in Frameworks */ = {isa = PBXBuildFile; fileRef = B747A5CE1B02572400B5BCFA /* libsqlite3.dylib */; };
		B747A5D11B02572E00B5BCFA /* libz.1.1.3.dylib in Frameworks */ = {isa = PBXBuildFile; fileRef = B747A5D01B02572E00B5BCFA /* libz.1.1.3.dylib */; };
		B747A5D31B02574000B5BCFA /* CoreGraphics.framework in Frameworks */ = {isa = PBXBuildFile; fileRef = B747A5D21B02574000B5BCFA /* CoreGraphics.framework */; };
		B747A5D51B02574900B5BCFA /* CoreLocation.framework in Frameworks */ = {isa = PBXBuildFile; fileRef = B747A5D41B02574900B5BCFA /* CoreLocation.framework */; };
		B747A5D71B02575000B5BCFA /* MapKit.framework in Frameworks */ = {isa = PBXBuildFile; fileRef = B747A5D61B02575000B5BCFA /* MapKit.framework */; };
		B747A5DA1B02577300B5BCFA /* Bolts.framework in Frameworks */ = {isa = PBXBuildFile; fileRef = B747A5D81B02577300B5BCFA /* Bolts.framework */; };
		B747A5DB1B02577300B5BCFA /* Parse.framework in Frameworks */ = {isa = PBXBuildFile; fileRef = B747A5D91B02577300B5BCFA /* Parse.framework */; };
		B747A5DE1B025A1A00B5BCFA /* LoginVC.m in Sources */ = {isa = PBXBuildFile; fileRef = B747A5DD1B025A1A00B5BCFA /* LoginVC.m */; };
		B747A5E11B025BA200B5BCFA /* SignUpVC.m in Sources */ = {isa = PBXBuildFile; fileRef = B747A5E01B025BA200B5BCFA /* SignUpVC.m */; };
		B747A5E41B02650200B5BCFA /* User.m in Sources */ = {isa = PBXBuildFile; fileRef = B747A5E31B02650200B5BCFA /* User.m */; };
		B7501CDA1B03D3C700046A15 /* MapVC.m in Sources */ = {isa = PBXBuildFile; fileRef = B7501CD91B03D3C700046A15 /* MapVC.m */; };
/* End PBXBuildFile section */

/* Begin PBXContainerItemProxy section */
		B747A5B11B02569400B5BCFA /* PBXContainerItemProxy */ = {
			isa = PBXContainerItemProxy;
			containerPortal = B747A58F1B02569300B5BCFA /* Project object */;
			proxyType = 1;
			remoteGlobalIDString = B747A5961B02569300B5BCFA;
			remoteInfo = FindMyFriends;
		};
/* End PBXContainerItemProxy section */

/* Begin PBXFileReference section */
		B747A5971B02569300B5BCFA /* FindMyFriends.app */ = {isa = PBXFileReference; explicitFileType = wrapper.application; includeInIndex = 0; path = FindMyFriends.app; sourceTree = BUILT_PRODUCTS_DIR; };
		B747A59B1B02569300B5BCFA /* Info.plist */ = {isa = PBXFileReference; lastKnownFileType = text.plist.xml; path = Info.plist; sourceTree = "<group>"; };
		B747A59C1B02569300B5BCFA /* main.m */ = {isa = PBXFileReference; lastKnownFileType = sourcecode.c.objc; path = main.m; sourceTree = "<group>"; };
		B747A59E1B02569300B5BCFA /* AppDelegate.h */ = {isa = PBXFileReference; lastKnownFileType = sourcecode.c.h; path = AppDelegate.h; sourceTree = "<group>"; };
		B747A59F1B02569300B5BCFA /* AppDelegate.m */ = {isa = PBXFileReference; lastKnownFileType = sourcecode.c.objc; path = AppDelegate.m; sourceTree = "<group>"; };
		B747A5A51B02569300B5BCFA /* Base */ = {isa = PBXFileReference; lastKnownFileType = file.storyboard; name = Base; path = Base.lproj/Main.storyboard; sourceTree = "<group>"; };
		B747A5A71B02569300B5BCFA /* Images.xcassets */ = {isa = PBXFileReference; lastKnownFileType = folder.assetcatalog; path = Images.xcassets; sourceTree = "<group>"; };
		B747A5AA1B02569300B5BCFA /* Base */ = {isa = PBXFileReference; lastKnownFileType = file.xib; name = Base; path = Base.lproj/LaunchScreen.xib; sourceTree = "<group>"; };
		B747A5B01B02569400B5BCFA /* FindMyFriendsTests.xctest */ = {isa = PBXFileReference; explicitFileType = wrapper.cfbundle; includeInIndex = 0; path = FindMyFriendsTests.xctest; sourceTree = BUILT_PRODUCTS_DIR; };
		B747A5B51B02569400B5BCFA /* Info.plist */ = {isa = PBXFileReference; lastKnownFileType = text.plist.xml; path = Info.plist; sourceTree = "<group>"; };
		B747A5B61B02569400B5BCFA /* FindMyFriendsTests.m */ = {isa = PBXFileReference; lastKnownFileType = sourcecode.c.objc; path = FindMyFriendsTests.m; sourceTree = "<group>"; };
		B747A5C01B0256CE00B5BCFA /* CFNetwork.framework */ = {isa = PBXFileReference; lastKnownFileType = wrapper.framework; name = CFNetwork.framework; path = System/Library/Frameworks/CFNetwork.framework; sourceTree = SDKROOT; };
		B747A5C21B0256E300B5BCFA /* AudioToolbox.framework */ = {isa = PBXFileReference; lastKnownFileType = wrapper.framework; name = AudioToolbox.framework; path = System/Library/Frameworks/AudioToolbox.framework; sourceTree = SDKROOT; };
		B747A5C41B0256EE00B5BCFA /* SystemConfiguration.framework */ = {isa = PBXFileReference; lastKnownFileType = wrapper.framework; name = SystemConfiguration.framework; path = System/Library/Frameworks/SystemConfiguration.framework; sourceTree = SDKROOT; };
		B747A5C61B0256FC00B5BCFA /* StoreKit.framework */ = {isa = PBXFileReference; lastKnownFileType = wrapper.framework; name = StoreKit.framework; path = System/Library/Frameworks/StoreKit.framework; sourceTree = SDKROOT; };
		B747A5C81B02570400B5BCFA /* Security.framework */ = {isa = PBXFileReference; lastKnownFileType = wrapper.framework; name = Security.framework; path = System/Library/Frameworks/Security.framework; sourceTree = SDKROOT; };
		B747A5CA1B02570B00B5BCFA /* QuartzCore.framework */ = {isa = PBXFileReference; lastKnownFileType = wrapper.framework; name = QuartzCore.framework; path = System/Library/Frameworks/QuartzCore.framework; sourceTree = SDKROOT; };
		B747A5CC1B02571900B5BCFA /* MobileCoreServices.framework */ = {isa = PBXFileReference; lastKnownFileType = wrapper.framework; name = MobileCoreServices.framework; path = System/Library/Frameworks/MobileCoreServices.framework; sourceTree = SDKROOT; };
		B747A5CE1B02572400B5BCFA /* libsqlite3.dylib */ = {isa = PBXFileReference; lastKnownFileType = "compiled.mach-o.dylib"; name = libsqlite3.dylib; path = usr/lib/libsqlite3.dylib; sourceTree = SDKROOT; };
		B747A5D01B02572E00B5BCFA /* libz.1.1.3.dylib */ = {isa = PBXFileReference; lastKnownFileType = "compiled.mach-o.dylib"; name = libz.1.1.3.dylib; path = usr/lib/libz.1.1.3.dylib; sourceTree = SDKROOT; };
		B747A5D21B02574000B5BCFA /* CoreGraphics.framework */ = {isa = PBXFileReference; lastKnownFileType = wrapper.framework; name = CoreGraphics.framework; path = System/Library/Frameworks/CoreGraphics.framework; sourceTree = SDKROOT; };
		B747A5D41B02574900B5BCFA /* CoreLocation.framework */ = {isa = PBXFileReference; lastKnownFileType = wrapper.framework; name = CoreLocation.framework; path = System/Library/Frameworks/CoreLocation.framework; sourceTree = SDKROOT; };
		B747A5D61B02575000B5BCFA /* MapKit.framework */ = {isa = PBXFileReference; lastKnownFileType = wrapper.framework; name = MapKit.framework; path = System/Library/Frameworks/MapKit.framework; sourceTree = SDKROOT; };
		B747A5D81B02577300B5BCFA /* Bolts.framework */ = {isa = PBXFileReference; lastKnownFileType = wrapper.framework; path = Bolts.framework; sourceTree = "<group>"; };
		B747A5D91B02577300B5BCFA /* Parse.framework */ = {isa = PBXFileReference; lastKnownFileType = wrapper.framework; path = Parse.framework; sourceTree = "<group>"; };
		B747A5DC1B025A1A00B5BCFA /* LoginVC.h */ = {isa = PBXFileReference; fileEncoding = 4; lastKnownFileType = sourcecode.c.h; path = LoginVC.h; sourceTree = "<group>"; };
		B747A5DD1B025A1A00B5BCFA /* LoginVC.m */ = {isa = PBXFileReference; fileEncoding = 4; lastKnownFileType = sourcecode.c.objc; path = LoginVC.m; sourceTree = "<group>"; };
		B747A5DF1B025BA200B5BCFA /* SignUpVC.h */ = {isa = PBXFileReference; fileEncoding = 4; lastKnownFileType = sourcecode.c.h; path = SignUpVC.h; sourceTree = "<group>"; };
		B747A5E01B025BA200B5BCFA /* SignUpVC.m */ = {isa = PBXFileReference; fileEncoding = 4; lastKnownFileType = sourcecode.c.objc; path = SignUpVC.m; sourceTree = "<group>"; };
		B747A5E21B02650200B5BCFA /* User.h */ = {isa = PBXFileReference; fileEncoding = 4; lastKnownFileType = sourcecode.c.h; name = User.h; path = FindMyFriends/Model/User.h; sourceTree = "<group>"; };
		B747A5E31B02650200B5BCFA /* User.m */ = {isa = PBXFileReference; fileEncoding = 4; lastKnownFileType = sourcecode.c.objc; name = User.m; path = FindMyFriends/Model/User.m; sourceTree = "<group>"; };
		B7501CD81B03D3C700046A15 /* MapVC.h */ = {isa = PBXFileReference; fileEncoding = 4; lastKnownFileType = sourcecode.c.h; path = MapVC.h; sourceTree = "<group>"; };
		B7501CD91B03D3C700046A15 /* MapVC.m */ = {isa = PBXFileReference; fileEncoding = 4; lastKnownFileType = sourcecode.c.objc; path = MapVC.m; sourceTree = "<group>"; };
/* End PBXFileReference section */

/* Begin PBXFrameworksBuildPhase section */
		B747A5941B02569300B5BCFA /* Frameworks */ = {
			isa = PBXFrameworksBuildPhase;
			buildActionMask = 2147483647;
			files = (
				B747A5D71B02575000B5BCFA /* MapKit.framework in Frameworks */,
				B747A5D51B02574900B5BCFA /* CoreLocation.framework in Frameworks */,
				B747A5D31B02574000B5BCFA /* CoreGraphics.framework in Frameworks */,
				B747A5D11B02572E00B5BCFA /* libz.1.1.3.dylib in Frameworks */,
				B747A5CF1B02572400B5BCFA /* libsqlite3.dylib in Frameworks */,
				B747A5CD1B02571900B5BCFA /* MobileCoreServices.framework in Frameworks */,
				B747A5CB1B02570B00B5BCFA /* QuartzCore.framework in Frameworks */,
				B747A5DA1B02577300B5BCFA /* Bolts.framework in Frameworks */,
				B747A5C91B02570400B5BCFA /* Security.framework in Frameworks */,
				B747A5C71B0256FC00B5BCFA /* StoreKit.framework in Frameworks */,
				B747A5DB1B02577300B5BCFA /* Parse.framework in Frameworks */,
				B747A5C51B0256EE00B5BCFA /* SystemConfiguration.framework in Frameworks */,
				B747A5C31B0256E300B5BCFA /* AudioToolbox.framework in Frameworks */,
				B747A5C11B0256CE00B5BCFA /* CFNetwork.framework in Frameworks */,
			);
			runOnlyForDeploymentPostprocessing = 0;
		};
		B747A5AD1B02569400B5BCFA /* Frameworks */ = {
			isa = PBXFrameworksBuildPhase;
			buildActionMask = 2147483647;
			files = (
			);
			runOnlyForDeploymentPostprocessing = 0;
		};
/* End PBXFrameworksBuildPhase section */

/* Begin PBXGroup section */
		B747A58E1B02569300B5BCFA = {
			isa = PBXGroup;
			children = (
				B7F8DCF81B029EB300247B8D /* Frameworks */,
				B747A5991B02569300B5BCFA /* FindMyFriends */,
				B747A59A1B02569300B5BCFA /* Supporting Files */,
				B747A5B31B02569400B5BCFA /* FindMyFriendsTests */,
				B747A5981B02569300B5BCFA /* Products */,
			);
			sourceTree = "<group>";
		};
		B747A5981B02569300B5BCFA /* Products */ = {
			isa = PBXGroup;
			children = (
				B747A5971B02569300B5BCFA /* FindMyFriends.app */,
				B747A5B01B02569400B5BCFA /* FindMyFriendsTests.xctest */,
			);
			name = Products;
			sourceTree = "<group>";
		};
		B747A5991B02569300B5BCFA /* FindMyFriends */ = {
			isa = PBXGroup;
			children = (
				B747A59E1B02569300B5BCFA /* AppDelegate.h */,
				B747A59F1B02569300B5BCFA /* AppDelegate.m */,
				B747A5A41B02569300B5BCFA /* Main.storyboard */,
				B747A5A71B02569300B5BCFA /* Images.xcassets */,
				B747A5A91B02569300B5BCFA /* LaunchScreen.xib */,
				B747A5E51B02650D00B5BCFA /* Model */,
				B7F8DCF91B029F0400247B8D /* Controllers */,
			);
			path = FindMyFriends;
			sourceTree = "<group>";
		};
		B747A59A1B02569300B5BCFA /* Supporting Files */ = {
			isa = PBXGroup;
			children = (
				B747A59B1B02569300B5BCFA /* Info.plist */,
				B747A59C1B02569300B5BCFA /* main.m */,
			);
			name = "Supporting Files";
			path = FindMyFriends;
			sourceTree = "<group>";
		};
		B747A5B31B02569400B5BCFA /* FindMyFriendsTests */ = {
			isa = PBXGroup;
			children = (
				B747A5B61B02569400B5BCFA /* FindMyFriendsTests.m */,
				B747A5B41B02569400B5BCFA /* Supporting Files */,
			);
			path = FindMyFriendsTests;
			sourceTree = "<group>";
		};
		B747A5B41B02569400B5BCFA /* Supporting Files */ = {
			isa = PBXGroup;
			children = (
				B747A5B51B02569400B5BCFA /* Info.plist */,
			);
			name = "Supporting Files";
			sourceTree = "<group>";
		};
		B747A5E51B02650D00B5BCFA /* Model */ = {
			isa = PBXGroup;
			children = (
				B747A5E21B02650200B5BCFA /* User.h */,
				B747A5E31B02650200B5BCFA /* User.m */,
			);
			name = Model;
			path = ..;
			sourceTree = "<group>";
		};
		B7F8DCF81B029EB300247B8D /* Frameworks */ = {
			isa = PBXGroup;
			children = (
				B747A5D61B02575000B5BCFA /* MapKit.framework */,
				B747A5D41B02574900B5BCFA /* CoreLocation.framework */,
				B747A5D21B02574000B5BCFA /* CoreGraphics.framework */,
				B747A5D01B02572E00B5BCFA /* libz.1.1.3.dylib */,
				B747A5D81B02577300B5BCFA /* Bolts.framework */,
				B747A5D91B02577300B5BCFA /* Parse.framework */,
				B747A5CE1B02572400B5BCFA /* libsqlite3.dylib */,
				B747A5CC1B02571900B5BCFA /* MobileCoreServices.framework */,
				B747A5CA1B02570B00B5BCFA /* QuartzCore.framework */,
				B747A5C81B02570400B5BCFA /* Security.framework */,
				B747A5C61B0256FC00B5BCFA /* StoreKit.framework */,
				B747A5C41B0256EE00B5BCFA /* SystemConfiguration.framework */,
				B747A5C21B0256E300B5BCFA /* AudioToolbox.framework */,
				B747A5C01B0256CE00B5BCFA /* CFNetwork.framework */,
			);
			name = Frameworks;
			sourceTree = "<group>";
		};
		B7F8DCF91B029F0400247B8D /* Controllers */ = {
			isa = PBXGroup;
			children = (
				B7501CD81B03D3C700046A15 /* MapVC.h */,
				B7501CD91B03D3C700046A15 /* MapVC.m */,
				B7F8DCFA1B029F1400247B8D /* Login */,
			);
			name = Controllers;
			sourceTree = "<group>";
		};
		B7F8DCFA1B029F1400247B8D /* Login */ = {
			isa = PBXGroup;
			children = (
				B747A5DC1B025A1A00B5BCFA /* LoginVC.h */,
				B747A5DD1B025A1A00B5BCFA /* LoginVC.m */,
				B747A5DF1B025BA200B5BCFA /* SignUpVC.h */,
				B747A5E01B025BA200B5BCFA /* SignUpVC.m */,
			);
			name = Login;
			sourceTree = "<group>";
		};
/* End PBXGroup section */

/* Begin PBXNativeTarget section */
		B747A5961B02569300B5BCFA /* FindMyFriends */ = {
			isa = PBXNativeTarget;
			buildConfigurationList = B747A5BA1B02569400B5BCFA /* Build configuration list for PBXNativeTarget "FindMyFriends" */;
			buildPhases = (
				B747A5931B02569300B5BCFA /* Sources */,
				B747A5941B02569300B5BCFA /* Frameworks */,
				B747A5951B02569300B5BCFA /* Resources */,
			);
			buildRules = (
			);
			dependencies = (
			);
			name = FindMyFriends;
			productName = FindMyFriends;
			productReference = B747A5971B02569300B5BCFA /* FindMyFriends.app */;
			productType = "com.apple.product-type.application";
		};
		B747A5AF1B02569400B5BCFA /* FindMyFriendsTests */ = {
			isa = PBXNativeTarget;
			buildConfigurationList = B747A5BD1B02569400B5BCFA /* Build configuration list for PBXNativeTarget "FindMyFriendsTests" */;
			buildPhases = (
				B747A5AC1B02569400B5BCFA /* Sources */,
				B747A5AD1B02569400B5BCFA /* Frameworks */,
				B747A5AE1B02569400B5BCFA /* Resources */,
			);
			buildRules = (
			);
			dependencies = (
				B747A5B21B02569400B5BCFA /* PBXTargetDependency */,
			);
			name = FindMyFriendsTests;
			productName = FindMyFriendsTests;
			productReference = B747A5B01B02569400B5BCFA /* FindMyFriendsTests.xctest */;
			productType = "com.apple.product-type.bundle.unit-test";
		};
/* End PBXNativeTarget section */

/* Begin PBXProject section */
		B747A58F1B02569300B5BCFA /* Project object */ = {
			isa = PBXProject;
			attributes = {
				LastUpgradeCheck = 0630;
				ORGANIZATIONNAME = "Vincent Renais";
				TargetAttributes = {
					B747A5961B02569300B5BCFA = {
						CreatedOnToolsVersion = 6.3.1;
					};
					B747A5AF1B02569400B5BCFA = {
						CreatedOnToolsVersion = 6.3.1;
						TestTargetID = B747A5961B02569300B5BCFA;
					};
				};
			};
			buildConfigurationList = B747A5921B02569300B5BCFA /* Build configuration list for PBXProject "FindMyFriends" */;
			compatibilityVersion = "Xcode 3.2";
			developmentRegion = English;
			hasScannedForEncodings = 0;
			knownRegions = (
				en,
				Base,
			);
			mainGroup = B747A58E1B02569300B5BCFA;
			productRefGroup = B747A5981B02569300B5BCFA /* Products */;
			projectDirPath = "";
			projectRoot = "";
			targets = (
				B747A5961B02569300B5BCFA /* FindMyFriends */,
				B747A5AF1B02569400B5BCFA /* FindMyFriendsTests */,
			);
		};
/* End PBXProject section */

/* Begin PBXResourcesBuildPhase section */
		B747A5951B02569300B5BCFA /* Resources */ = {
			isa = PBXResourcesBuildPhase;
			buildActionMask = 2147483647;
			files = (
				B747A5A61B02569300B5BCFA /* Main.storyboard in Resources */,
				B747A5AB1B02569300B5BCFA /* LaunchScreen.xib in Resources */,
				B747A5A81B02569300B5BCFA /* Images.xcassets in Resources */,
			);
			runOnlyForDeploymentPostprocessing = 0;
		};
		B747A5AE1B02569400B5BCFA /* Resources */ = {
			isa = PBXResourcesBuildPhase;
			buildActionMask = 2147483647;
			files = (
			);
			runOnlyForDeploymentPostprocessing = 0;
		};
/* End PBXResourcesBuildPhase section */

/* Begin PBXSourcesBuildPhase section */
		B747A5931B02569300B5BCFA /* Sources */ = {
			isa = PBXSourcesBuildPhase;
			buildActionMask = 2147483647;
			files = (
				B747A5E41B02650200B5BCFA /* User.m in Sources */,
				B747A5E11B025BA200B5BCFA /* SignUpVC.m in Sources */,
				B747A5A01B02569300B5BCFA /* AppDelegate.m in Sources */,
				B7501CDA1B03D3C700046A15 /* MapVC.m in Sources */,
				B747A59D1B02569300B5BCFA /* main.m in Sources */,
				B747A5DE1B025A1A00B5BCFA /* LoginVC.m in Sources */,
			);
			runOnlyForDeploymentPostprocessing = 0;
		};
		B747A5AC1B02569400B5BCFA /* Sources */ = {
			isa = PBXSourcesBuildPhase;
			buildActionMask = 2147483647;
			files = (
				B747A5B71B02569400B5BCFA /* FindMyFriendsTests.m in Sources */,
			);
			runOnlyForDeploymentPostprocessing = 0;
		};
/* End PBXSourcesBuildPhase section */

/* Begin PBXTargetDependency section */
		B747A5B21B02569400B5BCFA /* PBXTargetDependency */ = {
			isa = PBXTargetDependency;
			target = B747A5961B02569300B5BCFA /* FindMyFriends */;
			targetProxy = B747A5B11B02569400B5BCFA /* PBXContainerItemProxy */;
		};
/* End PBXTargetDependency section */

/* Begin PBXVariantGroup section */
		B747A5A41B02569300B5BCFA /* Main.storyboard */ = {
			isa = PBXVariantGroup;
			children = (
				B747A5A51B02569300B5BCFA /* Base */,
			);
			name = Main.storyboard;
			sourceTree = "<group>";
		};
		B747A5A91B02569300B5BCFA /* LaunchScreen.xib */ = {
			isa = PBXVariantGroup;
			children = (
				B747A5AA1B02569300B5BCFA /* Base */,
			);
			name = LaunchScreen.xib;
			sourceTree = "<group>";
		};
/* End PBXVariantGroup section */

/* Begin XCBuildConfiguration section */
		B747A5B81B02569400B5BCFA /* Debug */ = {
			isa = XCBuildConfiguration;
			buildSettings = {
				ALWAYS_SEARCH_USER_PATHS = NO;
				CLANG_CXX_LANGUAGE_STANDARD = "gnu++0x";
				CLANG_CXX_LIBRARY = "libc++";
				CLANG_ENABLE_MODULES = YES;
				CLANG_ENABLE_OBJC_ARC = YES;
				CLANG_WARN_BOOL_CONVERSION = YES;
				CLANG_WARN_CONSTANT_CONVERSION = YES;
				CLANG_WARN_DIRECT_OBJC_ISA_USAGE = YES_ERROR;
				CLANG_WARN_EMPTY_BODY = YES;
				CLANG_WARN_ENUM_CONVERSION = YES;
				CLANG_WARN_INT_CONVERSION = YES;
				CLANG_WARN_OBJC_ROOT_CLASS = YES_ERROR;
				CLANG_WARN_UNREACHABLE_CODE = YES;
				CLANG_WARN__DUPLICATE_METHOD_MATCH = YES;
				"CODE_SIGN_IDENTITY[sdk=iphoneos*]" = "iPhone Developer";
				COPY_PHASE_STRIP = NO;
				DEBUG_INFORMATION_FORMAT = "dwarf-with-dsym";
				ENABLE_STRICT_OBJC_MSGSEND = YES;
				GCC_C_LANGUAGE_STANDARD = gnu99;
				GCC_DYNAMIC_NO_PIC = NO;
				GCC_NO_COMMON_BLOCKS = YES;
				GCC_OPTIMIZATION_LEVEL = 0;
				GCC_PREPROCESSOR_DEFINITIONS = (
					"DEBUG=1",
					"$(inherited)",
				);
				GCC_SYMBOLS_PRIVATE_EXTERN = NO;
				GCC_WARN_64_TO_32_BIT_CONVERSION = YES;
				GCC_WARN_ABOUT_RETURN_TYPE = YES_ERROR;
				GCC_WARN_UNDECLARED_SELECTOR = YES;
				GCC_WARN_UNINITIALIZED_AUTOS = YES_AGGRESSIVE;
				GCC_WARN_UNUSED_FUNCTION = YES;
				GCC_WARN_UNUSED_VARIABLE = YES;
				IPHONEOS_DEPLOYMENT_TARGET = 8.3;
				MTL_ENABLE_DEBUG_INFO = YES;
				ONLY_ACTIVE_ARCH = YES;
				SDKROOT = iphoneos;
			};
			name = Debug;
		};
		B747A5B91B02569400B5BCFA /* Release */ = {
			isa = XCBuildConfiguration;
			buildSettings = {
				ALWAYS_SEARCH_USER_PATHS = NO;
				CLANG_CXX_LANGUAGE_STANDARD = "gnu++0x";
				CLANG_CXX_LIBRARY = "libc++";
				CLANG_ENABLE_MODULES = YES;
				CLANG_ENABLE_OBJC_ARC = YES;
				CLANG_WARN_BOOL_CONVERSION = YES;
				CLANG_WARN_CONSTANT_CONVERSION = YES;
				CLANG_WARN_DIRECT_OBJC_ISA_USAGE = YES_ERROR;
				CLANG_WARN_EMPTY_BODY = YES;
				CLANG_WARN_ENUM_CONVERSION = YES;
				CLANG_WARN_INT_CONVERSION = YES;
				CLANG_WARN_OBJC_ROOT_CLASS = YES_ERROR;
				CLANG_WARN_UNREACHABLE_CODE = YES;
				CLANG_WARN__DUPLICATE_METHOD_MATCH = YES;
				"CODE_SIGN_IDENTITY[sdk=iphoneos*]" = "iPhone Developer";
				COPY_PHASE_STRIP = NO;
				DEBUG_INFORMATION_FORMAT = "dwarf-with-dsym";
				ENABLE_NS_ASSERTIONS = NO;
				ENABLE_STRICT_OBJC_MSGSEND = YES;
				GCC_C_LANGUAGE_STANDARD = gnu99;
				GCC_NO_COMMON_BLOCKS = YES;
				GCC_WARN_64_TO_32_BIT_CONVERSION = YES;
				GCC_WARN_ABOUT_RETURN_TYPE = YES_ERROR;
				GCC_WARN_UNDECLARED_SELECTOR = YES;
				GCC_WARN_UNINITIALIZED_AUTOS = YES_AGGRESSIVE;
				GCC_WARN_UNUSED_FUNCTION = YES;
				GCC_WARN_UNUSED_VARIABLE = YES;
				IPHONEOS_DEPLOYMENT_TARGET = 8.3;
				MTL_ENABLE_DEBUG_INFO = NO;
				SDKROOT = iphoneos;
				VALIDATE_PRODUCT = YES;
			};
			name = Release;
		};
		B747A5BB1B02569400B5BCFA /* Debug */ = {
			isa = XCBuildConfiguration;
			buildSettings = {
				ASSETCATALOG_COMPILER_APPICON_NAME = AppIcon;
				FRAMEWORK_SEARCH_PATHS = (
					"$(inherited)",
					"$(PROJECT_DIR)",
				);
				INFOPLIST_FILE = FindMyFriends/Info.plist;
				LD_RUNPATH_SEARCH_PATHS = "$(inherited) @executable_path/Frameworks";
				PRODUCT_NAME = "$(TARGET_NAME)";
			};
			name = Debug;
		};
		B747A5BC1B02569400B5BCFA /* Release */ = {
			isa = XCBuildConfiguration;
			buildSettings = {
				ASSETCATALOG_COMPILER_APPICON_NAME = AppIcon;
				FRAMEWORK_SEARCH_PATHS = (
					"$(inherited)",
					"$(PROJECT_DIR)",
				);
				INFOPLIST_FILE = FindMyFriends/Info.plist;
				LD_RUNPATH_SEARCH_PATHS = "$(inherited) @executable_path/Frameworks";
				PRODUCT_NAME = "$(TARGET_NAME)";
			};
			name = Release;
		};
		B747A5BE1B02569400B5BCFA /* Debug */ = {
			isa = XCBuildConfiguration;
			buildSettings = {
				BUNDLE_LOADER = "$(TEST_HOST)";
				FRAMEWORK_SEARCH_PATHS = (
					"$(SDKROOT)/Developer/Library/Frameworks",
					"$(inherited)",
				);
				GCC_PREPROCESSOR_DEFINITIONS = (
					"DEBUG=1",
					"$(inherited)",
				);
				INFOPLIST_FILE = FindMyFriendsTests/Info.plist;
				LD_RUNPATH_SEARCH_PATHS = "$(inherited) @executable_path/Frameworks @loader_path/Frameworks";
				PRODUCT_NAME = "$(TARGET_NAME)";
				TEST_HOST = "$(BUILT_PRODUCTS_DIR)/FindMyFriends.app/FindMyFriends";
			};
			name = Debug;
		};
		B747A5BF1B02569400B5BCFA /* Release */ = {
			isa = XCBuildConfiguration;
			buildSettings = {
				BUNDLE_LOADER = "$(TEST_HOST)";
				FRAMEWORK_SEARCH_PATHS = (
					"$(SDKROOT)/Developer/Library/Frameworks",
					"$(inherited)",
				);
				INFOPLIST_FILE = FindMyFriendsTests/Info.plist;
				LD_RUNPATH_SEARCH_PATHS = "$(inherited) @executable_path/Frameworks @loader_path/Frameworks";
				PRODUCT_NAME = "$(TARGET_NAME)";
				TEST_HOST = "$(BUILT_PRODUCTS_DIR)/FindMyFriends.app/FindMyFriends";
			};
			name = Release;
		};
/* End XCBuildConfiguration section */

/* Begin XCConfigurationList section */
		B747A5921B02569300B5BCFA /* Build configuration list for PBXProject "FindMyFriends" */ = {
			isa = XCConfigurationList;
			buildConfigurations = (
				B747A5B81B02569400B5BCFA /* Debug */,
				B747A5B91B02569400B5BCFA /* Release */,
			);
			defaultConfigurationIsVisible = 0;
			defaultConfigurationName = Release;
		};
		B747A5BA1B02569400B5BCFA /* Build configuration list for PBXNativeTarget "FindMyFriends" */ = {
			isa = XCConfigurationList;
			buildConfigurations = (
				B747A5BB1B02569400B5BCFA /* Debug */,
				B747A5BC1B02569400B5BCFA /* Release */,
			);
			defaultConfigurationIsVisible = 0;
			defaultConfigurationName = Release;
		};
		B747A5BD1B02569400B5BCFA /* Build configuration list for PBXNativeTarget "FindMyFriendsTests" */ = {
			isa = XCConfigurationList;
			buildConfigurations = (
				B747A5BE1B02569400B5BCFA /* Debug */,
				B747A5BF1B02569400B5BCFA /* Release */,
			);
			defaultConfigurationIsVisible = 0;
			defaultConfigurationName = Release;
		};
/* End XCConfigurationList section */
	};
	rootObject = B747A58F1B02569300B5BCFA /* Project object */;
}
